{
    "_readme": [
        "This file locks the dependencies of your project to a known state",
        "Read more about it at https://getcomposer.org/doc/01-basic-usage.md#installing-dependencies",
        "This file is @generated automatically"
    ],
    "content-hash": "0d0ab79a5b1baef17bc6be387666e76d",
    "packages": [
        {
            "name": "eden/array",
            "version": "4.0.3",
            "source": {
                "type": "git",
                "url": "https://github.com/Eden-PHP/Array.git",
                "reference": "a66188d736c05a6595bfc87cd552522e3bb55db6"
            },
            "dist": {
                "type": "zip",
                "url": "https://api.github.com/repos/Eden-PHP/Array/zipball/a66188d736c05a6595bfc87cd552522e3bb55db6",
                "reference": "a66188d736c05a6595bfc87cd552522e3bb55db6",
                "shasum": ""
            },
            "require": {
                "eden/core": "4.*",
                "php": ">=5.4.1"
            },
            "type": "library",
            "autoload": {
                "classmap": [
                    "src/"
                ]
            },
            "notification-url": "https://packagist.org/downloads/",
            "license": [
                "MIT"
            ],
            "authors": [
                {
                    "name": "Christian Blanquera",
                    "email": "cblanquera@openovate.com"
                }
            ],
            "description": "Autoloading, error and exception handler",
            "homepage": "http://eden-php.com",
            "keywords": [
                "eden",
                "library"
            ],
            "time": "2016-07-24T01:32:26+00:00"
        },
        {
            "name": "eden/core",
            "version": "4.0.3",
            "source": {
                "type": "git",
                "url": "https://github.com/Eden-PHP/Core.git",
                "reference": "2dbd1f3e83ca0dd2d787d31f1654335fba6b6f72"
            },
            "dist": {
                "type": "zip",
                "url": "https://api.github.com/repos/Eden-PHP/Core/zipball/2dbd1f3e83ca0dd2d787d31f1654335fba6b6f72",
                "reference": "2dbd1f3e83ca0dd2d787d31f1654335fba6b6f72",
                "shasum": ""
            },
            "require": {
                "php": ">=5.4.1"
            },
            "type": "library",
            "autoload": {
                "psr-4": {
                    "Eden\\Core\\": "src/"
                },
                "classmap": [
                    "src/Decorator.php"
                ]
            },
            "notification-url": "https://packagist.org/downloads/",
            "license": [
                "MIT"
            ],
            "authors": [
                {
                    "name": "Christian Blanquera",
                    "email": "cblanquera@openovate.com"
                }
            ],
            "description": "Eden Core component full of secret sauce",
            "homepage": "http://eden-php.com",
            "keywords": [
                "eden",
                "library"
            ],
            "time": "2016-07-24T01:57:25+00:00"
        },
        {
            "name": "eden/file",
            "version": "4.0.1",
            "source": {
                "type": "git",
                "url": "https://github.com/Eden-PHP/File.git",
                "reference": "b499625ecb2269cc2ee9b1ff836ff050185314d9"
            },
            "dist": {
                "type": "zip",
                "url": "https://api.github.com/repos/Eden-PHP/File/zipball/b499625ecb2269cc2ee9b1ff836ff050185314d9",
                "reference": "b499625ecb2269cc2ee9b1ff836ff050185314d9",
                "shasum": ""
            },
            "require": {
                "eden/array": "4.*",
                "eden/core": "4.*",
                "eden/path": "4.*",
                "eden/string": "4.*",
                "php": ">=5.4.1"
            },
            "type": "library",
            "autoload": {
                "psr-4": {
                    "Eden\\File\\": "src/"
                }
            },
            "notification-url": "https://packagist.org/downloads/",
            "license": [
                "MIT"
            ],
            "authors": [
                {
                    "name": "Christian Blanquera",
                    "email": "cblanquera@openovate.com"
                }
            ],
            "description": "File methods",
            "homepage": "http://eden-php.com",
            "keywords": [
                "eden",
                "library"
            ],
            "time": "2015-10-13T04:39:48+00:00"
        },
        {
            "name": "eden/mail",
            "version": "4.0.4",
            "source": {
                "type": "git",
                "url": "https://github.com/Eden-PHP/Mail.git",
                "reference": "ae34e7ba2c3e4bb116ab2824ffc0b7843d63fb67"
            },
            "dist": {
                "type": "zip",
                "url": "https://api.github.com/repos/Eden-PHP/Mail/zipball/ae34e7ba2c3e4bb116ab2824ffc0b7843d63fb67",
                "reference": "ae34e7ba2c3e4bb116ab2824ffc0b7843d63fb67",
                "shasum": ""
            },
            "require": {
                "eden/array": "4.*",
                "eden/core": "4.*",
                "eden/file": "4.*",
                "eden/path": "4.*",
                "eden/string": "4.*",
                "php": ">=5.4.1"
            },
            "type": "library",
            "autoload": {
                "psr-4": {
                    "Eden\\Mail\\": "src/"
                }
            },
            "notification-url": "https://packagist.org/downloads/",
            "license": [
                "MIT"
            ],
            "authors": [
                {
                    "name": "Christian Blanquera",
                    "email": "cblanquera@openovate.com"
                }
            ],
            "description": "Eden POP3, IMAP and SMTP component",
            "homepage": "http://eden-php.com",
            "keywords": [
                "eden",
                "library"
            ],
            "time": "2018-03-23T14:30:04+00:00"
        },
        {
            "name": "eden/path",
            "version": "4.0.1",
            "source": {
                "type": "git",
                "url": "https://github.com/Eden-PHP/Path.git",
                "reference": "120bb64566ec6a31879c831f7a4259c2ad2bf131"
            },
            "dist": {
                "type": "zip",
                "url": "https://api.github.com/repos/Eden-PHP/Path/zipball/120bb64566ec6a31879c831f7a4259c2ad2bf131",
                "reference": "120bb64566ec6a31879c831f7a4259c2ad2bf131",
                "shasum": ""
            },
            "require": {
                "eden/array": "4.*",
                "eden/core": "4.*",
                "eden/string": "4.*",
                "php": ">=5.4.1"
            },
            "type": "library",
            "autoload": {
                "psr-4": {
                    "Eden\\Path\\": "src/"
                }
            },
            "notification-url": "https://packagist.org/downloads/",
            "license": [
                "MIT"
            ],
            "authors": [
                {
                    "name": "Christian Blanquera",
                    "email": "cblanquera@openovate.com"
                }
            ],
            "description": "Path resolver",
            "homepage": "http://eden-php.com",
            "keywords": [
                "eden",
                "library"
            ],
            "time": "2015-10-13T04:30:42+00:00"
        },
        {
            "name": "eden/string",
            "version": "4.0.3",
            "source": {
                "type": "git",
                "url": "https://github.com/Eden-PHP/String.git",
                "reference": "2868350eea5c5cbe430f38915f941c0f3764ae33"
            },
            "dist": {
                "type": "zip",
                "url": "https://api.github.com/repos/Eden-PHP/String/zipball/2868350eea5c5cbe430f38915f941c0f3764ae33",
                "reference": "2868350eea5c5cbe430f38915f941c0f3764ae33",
                "shasum": ""
            },
            "require": {
                "eden/core": "4.*",
                "php": ">=5.4.1"
            },
            "type": "library",
            "autoload": {
                "classmap": [
                    "src/"
                ]
            },
            "notification-url": "https://packagist.org/downloads/",
            "license": [
                "MIT"
            ],
            "authors": [
                {
                    "name": "Christian Blanquera",
                    "email": "cblanquera@openovate.com"
                }
            ],
            "description": "Autoloading, error and exception handler",
            "homepage": "http://eden-php.com",
            "keywords": [
                "eden",
                "library"
            ],
            "time": "2016-07-24T01:33:39+00:00"
        },
        {
            "name": "pimple/pimple",
            "version": "v3.3.0",
            "source": {
                "type": "git",
                "url": "https://github.com/silexphp/Pimple.git",
                "reference": "e55d12f9d6a0e7f9c85992b73df1267f46279930"
            },
            "dist": {
                "type": "zip",
                "url": "https://api.github.com/repos/silexphp/Pimple/zipball/e55d12f9d6a0e7f9c85992b73df1267f46279930",
                "reference": "e55d12f9d6a0e7f9c85992b73df1267f46279930",
                "shasum": ""
            },
            "require": {
                "php": "^7.2.5",
                "psr/container": "^1.0"
            },
            "require-dev": {
                "symfony/phpunit-bridge": "^3.4|^4.4|^5.0"
            },
            "type": "library",
            "extra": {
                "branch-alias": {
                    "dev-master": "3.3.x-dev"
                }
            },
            "autoload": {
                "psr-0": {
                    "Pimple": "src/"
                }
            },
            "notification-url": "https://packagist.org/downloads/",
            "license": [
                "MIT"
            ],
            "authors": [
                {
                    "name": "Fabien Potencier",
                    "email": "fabien@symfony.com"
                }
            ],
            "description": "Pimple, a simple Dependency Injection Container",
            "homepage": "https://pimple.symfony.com",
            "keywords": [
                "container",
                "dependency injection"
            ],
            "time": "2020-03-03T09:12:48+00:00"
        },
        {
            "name": "psr/container",
            "version": "1.0.0",
            "source": {
                "type": "git",
                "url": "https://github.com/php-fig/container.git",
                "reference": "b7ce3b176482dbbc1245ebf52b181af44c2cf55f"
            },
            "dist": {
                "type": "zip",
                "url": "https://api.github.com/repos/php-fig/container/zipball/b7ce3b176482dbbc1245ebf52b181af44c2cf55f",
                "reference": "b7ce3b176482dbbc1245ebf52b181af44c2cf55f",
                "shasum": ""
            },
            "require": {
                "php": ">=5.3.0"
            },
            "type": "library",
            "extra": {
                "branch-alias": {
                    "dev-master": "1.0.x-dev"
                }
            },
            "autoload": {
                "psr-4": {
                    "Psr\\Container\\": "src/"
                }
            },
            "notification-url": "https://packagist.org/downloads/",
            "license": [
                "MIT"
            ],
            "authors": [
                {
                    "name": "PHP-FIG",
                    "homepage": "http://www.php-fig.org/"
                }
            ],
            "description": "Common Container Interface (PHP FIG PSR-11)",
            "homepage": "https://github.com/php-fig/container",
            "keywords": [
                "PSR-11",
                "container",
                "container-interface",
                "container-interop",
                "psr"
            ],
            "time": "2017-02-14T16:28:37+00:00"
        }
    ],
    "packages-dev": [],
    "aliases": [],
    "minimum-stability": "stable",
    "stability-flags": [],
    "prefer-stable": false,
    "prefer-lowest": false,
    "platform": [],
    "platform-dev": [],
    "plugin-api-version": "1.1.0"
}
